
Microsoft Visual Studio Solution File, Format Version 12.00
# Visual Studio 15
VisualStudioVersion = 15.0.28307.1062
MinimumVisualStudioVersion = 10.0.40219.1
Project("{FAE04EC0-301F-11D3-BF4B-00C04F79EFBC}") = "Client", "Client\Client.csproj", "{4C2DB205-6C77-4119-AA5B-5C9FF24B0F10}"
EndProject
Project("{FAE04EC0-301F-11D3-BF4B-00C04F79EFBC}") = "Server", "Server\Server.csproj", "{DBE2D275-0D5D-4E3C-878A-E92AD5BF3A7E}"
EndProject
Project("{FAE04EC0-301F-11D3-BF4B-00C04F79EFBC}") = "Common", "ConsoleApp1\Common.csproj", "{309F6383-68B6-460D-B18F-4ECF37BB270A}"
EndProject
Global
	GlobalSection(SolutionConfigurationPlatforms) = preSolution
		Debug|Any CPU = Debug|Any CPU
		Release|Any CPU = Release|Any CPU
	EndGlobalSection
	GlobalSection(ProjectConfigurationPlatforms) = postSolution
		{4C2DB205-6C77-4119-AA5B-5C9FF24B0F10}.Debug|Any CPU.ActiveCfg = Debug|Any CPU
		{4C2DB205-6C77-4119-AA5B-5C9FF24B0F10}.Debug|Any CPU.Build.0 = Debug|Any CPU
		{4C2DB205-6C77-4119-AA5B-5C9FF24B0F10}.Release|Any CPU.ActiveCfg = Release|Any CPU
		{4C2DB205-6C77-4119-AA5B-5C9FF24B0F10}.Release|Any CPU.Build.0 = Release|Any CPU
		{DBE2D275-0D5D-4E3C-878A-E92AD5BF3A7E}.Debug|Any CPU.ActiveCfg = Debug|Any CPU
		{DBE2D275-0D5D-4E3C-878A-E92AD5BF3A7E}.Debug|Any CPU.Build.0 = Debug|Any CPU
		{DBE2D275-0D5D-4E3C-878A-E92AD5BF3A7E}.Release|Any CPU.ActiveCfg = Release|Any CPU
		{DBE2D275-0D5D-4E3C-878A-E92AD5BF3A7E}.Release|Any CPU.Build.0 = Release|Any CPU
		{309F6383-68B6-460D-B18F-4ECF37BB270A}.Debug|Any CPU.ActiveCfg = Debug|Any CPU
		{309F6383-68B6-460D-B18F-4ECF37BB270A}.Debug|Any CPU.Build.0 = Debug|Any CPU
		{309F6383-68B6-460D-B18F-4ECF37BB270A}.Release|Any CPU.ActiveCfg = Release|Any CPU
		{309F6383-68B6-460D-B18F-4ECF37BB270A}.Release|Any CPU.Build.0 = Release|Any CPU
	EndGlobalSection
	GlobalSection(SolutionProperties) = preSolution
		HideSolutionNode = FALSE
	EndGlobalSection
	GlobalSection(ExtensibilityGlobals) = postSolution
		SolutionGuid = {15D07DAB-1683-4FF1-BD32-66FAB58C7C12}
	EndGlobalSection
EndGlobal
